
Microsoft Visual Studio Solution File, Format Version 12.00
# Visual Studio Version 16
VisualStudioVersion = 16.0.29424.173
MinimumVisualStudioVersion = 10.0.40219.1
Project("{FAE04EC0-301F-11D3-BF4B-00C04F79EFBC}") = "RacingGameDAL", "RacingGameDAL\RacingGameDAL.csproj", "{9E2D98E7-451D-49F6-AF9D-BEEEBC804B4F}"
EndProject
Project("{FAE04EC0-301F-11D3-BF4B-00C04F79EFBC}") = "RacingGameBLL", "RacingGameBLL\RacingGameBLL.csproj", "{0E0A9FA2-EEE6-4F5D-BCF6-BBE13008398A}"
EndProject
Project("{FAE04EC0-301F-11D3-BF4B-00C04F79EFBC}") = "RacingWebApi", "RacingWebApi\RacingWebApi.csproj", "{7E84FB17-9206-4576-89B0-30396EF8EBBA}"
EndProject
Global
	GlobalSection(SolutionConfigurationPlatforms) = preSolution
		Debug|Any CPU = Debug|Any CPU
		Release|Any CPU = Release|Any CPU
	EndGlobalSection
	GlobalSection(ProjectConfigurationPlatforms) = postSolution
		{9E2D98E7-451D-49F6-AF9D-BEEEBC804B4F}.Debug|Any CPU.ActiveCfg = Debug|Any CPU
		{9E2D98E7-451D-49F6-AF9D-BEEEBC804B4F}.Debug|Any CPU.Build.0 = Debug|Any CPU
		{9E2D98E7-451D-49F6-AF9D-BEEEBC804B4F}.Release|Any CPU.ActiveCfg = Release|Any CPU
		{9E2D98E7-451D-49F6-AF9D-BEEEBC804B4F}.Release|Any CPU.Build.0 = Release|Any CPU
		{0E0A9FA2-EEE6-4F5D-BCF6-BBE13008398A}.Debug|Any CPU.ActiveCfg = Debug|Any CPU
		{0E0A9FA2-EEE6-4F5D-BCF6-BBE13008398A}.Debug|Any CPU.Build.0 = Debug|Any CPU
		{0E0A9FA2-EEE6-4F5D-BCF6-BBE13008398A}.Release|Any CPU.ActiveCfg = Release|Any CPU
		{0E0A9FA2-EEE6-4F5D-BCF6-BBE13008398A}.Release|Any CPU.Build.0 = Release|Any CPU
		{7E84FB17-9206-4576-89B0-30396EF8EBBA}.Debug|Any CPU.ActiveCfg = Debug|Any CPU
		{7E84FB17-9206-4576-89B0-30396EF8EBBA}.Debug|Any CPU.Build.0 = Debug|Any CPU
		{7E84FB17-9206-4576-89B0-30396EF8EBBA}.Release|Any CPU.ActiveCfg = Release|Any CPU
		{7E84FB17-9206-4576-89B0-30396EF8EBBA}.Release|Any CPU.Build.0 = Release|Any CPU
	EndGlobalSection
	GlobalSection(SolutionProperties) = preSolution
		HideSolutionNode = FALSE
	EndGlobalSection
	GlobalSection(ExtensibilityGlobals) = postSolution
		SolutionGuid = {9D21EF09-AA17-4192-AD43-77D2DDF16C5D}
	EndGlobalSection
EndGlobal
